
Microsoft Visual Studio Solution File, Format Version 12.00
# Visual Studio Version 16
VisualStudioVersion = 16.0.29025.244
MinimumVisualStudioVersion = 10.0.40219.1
Project("{FAE04EC0-301F-11D3-BF4B-00C04F79EFBC}") = "SortArray", "SortArray\SortArray.csproj", "{9D60FD8D-66DD-4589-91A0-50FED147E2DC}"
EndProject
Global
	GlobalSection(SolutionConfigurationPlatforms) = preSolution
		Debug|Any CPU = Debug|Any CPU
		Release|Any CPU = Release|Any CPU
	EndGlobalSection
	GlobalSection(ProjectConfigurationPlatforms) = postSolution
		{9D60FD8D-66DD-4589-91A0-50FED147E2DC}.Debug|Any CPU.ActiveCfg = Debug|Any CPU
		{9D60FD8D-66DD-4589-91A0-50FED147E2DC}.Debug|Any CPU.Build.0 = Debug|Any CPU
		{9D60FD8D-66DD-4589-91A0-50FED147E2DC}.Release|Any CPU.ActiveCfg = Release|Any CPU
		{9D60FD8D-66DD-4589-91A0-50FED147E2DC}.Release|Any CPU.Build.0 = Release|Any CPU
	EndGlobalSection
	GlobalSection(SolutionProperties) = preSolution
		HideSolutionNode = FALSE
	EndGlobalSection
	GlobalSection(ExtensibilityGlobals) = postSolution
		SolutionGuid = {51DBD93F-0C85-4BE8-B28E-75B3CA63BEF7}
	EndGlobalSection
EndGlobal
